
Microsoft Visual Studio Solution File, Format Version 12.00
# Visual Studio Version 16
VisualStudioVersion = 16.0.30114.105
MinimumVisualStudioVersion = 10.0.40219.1
Project("{FAE04EC0-301F-11D3-BF4B-00C04F79EFBC}") = "Common", "src\Common\Common.csproj", "{51F10482-1FA6-431F-96EC-1B69D92ED18F}"
EndProject
Project("{FAE04EC0-301F-11D3-BF4B-00C04F79EFBC}") = "Sender", "src\Sender\Sender.csproj", "{A2F0E8A5-F0F9-4024-B4AA-99129B0C7898}"
EndProject
Project("{2150E333-8FDC-42A3-9474-1A3956D46DE8}") = "src", "src", "{C28DE5BD-9C7E-4282-98E5-8B09E2E3FA99}"
EndProject
Project("{FAE04EC0-301F-11D3-BF4B-00C04F79EFBC}") = "Domain", "src\Domain\Domain.csproj", "{BB2078D4-83B5-4C45-B6FA-A4A919E4BF93}"
EndProject
Global
	GlobalSection(SolutionConfigurationPlatforms) = preSolution
		Debug|Any CPU = Debug|Any CPU
		Release|Any CPU = Release|Any CPU
	EndGlobalSection
	GlobalSection(SolutionProperties) = preSolution
		HideSolutionNode = FALSE
	EndGlobalSection
	GlobalSection(ProjectConfigurationPlatforms) = postSolution
		{51F10482-1FA6-431F-96EC-1B69D92ED18F}.Debug|Any CPU.ActiveCfg = Debug|Any CPU
		{51F10482-1FA6-431F-96EC-1B69D92ED18F}.Debug|Any CPU.Build.0 = Debug|Any CPU
		{51F10482-1FA6-431F-96EC-1B69D92ED18F}.Release|Any CPU.ActiveCfg = Release|Any CPU
		{51F10482-1FA6-431F-96EC-1B69D92ED18F}.Release|Any CPU.Build.0 = Release|Any CPU
		{A2F0E8A5-F0F9-4024-B4AA-99129B0C7898}.Debug|Any CPU.ActiveCfg = Debug|Any CPU
		{A2F0E8A5-F0F9-4024-B4AA-99129B0C7898}.Debug|Any CPU.Build.0 = Debug|Any CPU
		{A2F0E8A5-F0F9-4024-B4AA-99129B0C7898}.Release|Any CPU.ActiveCfg = Release|Any CPU
		{A2F0E8A5-F0F9-4024-B4AA-99129B0C7898}.Release|Any CPU.Build.0 = Release|Any CPU
		{BB2078D4-83B5-4C45-B6FA-A4A919E4BF93}.Debug|Any CPU.ActiveCfg = Debug|Any CPU
		{BB2078D4-83B5-4C45-B6FA-A4A919E4BF93}.Debug|Any CPU.Build.0 = Debug|Any CPU
		{BB2078D4-83B5-4C45-B6FA-A4A919E4BF93}.Release|Any CPU.ActiveCfg = Release|Any CPU
		{BB2078D4-83B5-4C45-B6FA-A4A919E4BF93}.Release|Any CPU.Build.0 = Release|Any CPU
	EndGlobalSection
	GlobalSection(NestedProjects) = preSolution
		{51F10482-1FA6-431F-96EC-1B69D92ED18F} = {C28DE5BD-9C7E-4282-98E5-8B09E2E3FA99}
		{A2F0E8A5-F0F9-4024-B4AA-99129B0C7898} = {C28DE5BD-9C7E-4282-98E5-8B09E2E3FA99}
		{BB2078D4-83B5-4C45-B6FA-A4A919E4BF93} = {C28DE5BD-9C7E-4282-98E5-8B09E2E3FA99}
	EndGlobalSection
EndGlobal
